
Microsoft Visual Studio Solution File, Format Version 12.00
# Visual Studio Version 17
VisualStudioVersion = 17.2.32526.322
MinimumVisualStudioVersion = 10.0.40219.1
Project("{9A19103F-16F7-4668-BE54-9A1E7A4F7556}") = "Iustinsoft.ConsoleTUI", "ConsoleTUI\Iustinsoft.ConsoleTUI.csproj", "{CF4431D1-3F55-4BFC-80DF-043C9FD81DFE}"
EndProject
Project("{FAE04EC0-301F-11D3-BF4B-00C04F79EFBC}") = "Test", "Test\Test.csproj", "{7631329D-E32D-41D1-95AF-4A7CDD072A77}"
EndProject
Global
	GlobalSection(SolutionConfigurationPlatforms) = preSolution
		Debug|Any CPU = Debug|Any CPU
		Release|Any CPU = Release|Any CPU
	EndGlobalSection
	GlobalSection(ProjectConfigurationPlatforms) = postSolution
		{CF4431D1-3F55-4BFC-80DF-043C9FD81DFE}.Debug|Any CPU.ActiveCfg = Debug|Any CPU
		{CF4431D1-3F55-4BFC-80DF-043C9FD81DFE}.Debug|Any CPU.Build.0 = Debug|Any CPU
		{CF4431D1-3F55-4BFC-80DF-043C9FD81DFE}.Release|Any CPU.ActiveCfg = Release|Any CPU
		{CF4431D1-3F55-4BFC-80DF-043C9FD81DFE}.Release|Any CPU.Build.0 = Release|Any CPU
		{7631329D-E32D-41D1-95AF-4A7CDD072A77}.Debug|Any CPU.ActiveCfg = Debug|Any CPU
		{7631329D-E32D-41D1-95AF-4A7CDD072A77}.Debug|Any CPU.Build.0 = Debug|Any CPU
		{7631329D-E32D-41D1-95AF-4A7CDD072A77}.Release|Any CPU.ActiveCfg = Release|Any CPU
		{7631329D-E32D-41D1-95AF-4A7CDD072A77}.Release|Any CPU.Build.0 = Release|Any CPU
	EndGlobalSection
	GlobalSection(SolutionProperties) = preSolution
		HideSolutionNode = FALSE
	EndGlobalSection
	GlobalSection(ExtensibilityGlobals) = postSolution
		SolutionGuid = {8B653071-CA5E-4E3D-B06B-D708E2133054}
	EndGlobalSection
EndGlobal
